
Microsoft Visual Studio Solution File, Format Version 12.00
# Visual Studio 15
VisualStudioVersion = 15.0.28307.421
MinimumVisualStudioVersion = 10.0.40219.1
Project("{9A19103F-16F7-4668-BE54-9A1E7A4F7556}") = "MVCTesting", "testing\MVCTesting.csproj", "{9BF4CA43-334D-4DAC-96E1-94E355FDA4F5}"
EndProject
Project("{9A19103F-16F7-4668-BE54-9A1E7A4F7556}") = "TestProject", "TestProject\TestProject.csproj", "{3E9CCBFA-50E0-44E2-88A3-FBB1EBA1BB46}"
EndProject
Project("{FAE04EC0-301F-11D3-BF4B-00C04F79EFBC}") = "XUnitTestProject1", "XUnitTestProject1\XUnitTestProject1.csproj", "{6C2E4DEA-4CB5-4065-99B2-1EDF5B78B4D7}"
EndProject
Global
	GlobalSection(SolutionConfigurationPlatforms) = preSolution
		Debug|Any CPU = Debug|Any CPU
		Release|Any CPU = Release|Any CPU
	EndGlobalSection
	GlobalSection(ProjectConfigurationPlatforms) = postSolution
		{9BF4CA43-334D-4DAC-96E1-94E355FDA4F5}.Debug|Any CPU.ActiveCfg = Debug|Any CPU
		{9BF4CA43-334D-4DAC-96E1-94E355FDA4F5}.Debug|Any CPU.Build.0 = Debug|Any CPU
		{9BF4CA43-334D-4DAC-96E1-94E355FDA4F5}.Release|Any CPU.ActiveCfg = Release|Any CPU
		{9BF4CA43-334D-4DAC-96E1-94E355FDA4F5}.Release|Any CPU.Build.0 = Release|Any CPU
		{3E9CCBFA-50E0-44E2-88A3-FBB1EBA1BB46}.Debug|Any CPU.ActiveCfg = Debug|Any CPU
		{3E9CCBFA-50E0-44E2-88A3-FBB1EBA1BB46}.Debug|Any CPU.Build.0 = Debug|Any CPU
		{3E9CCBFA-50E0-44E2-88A3-FBB1EBA1BB46}.Release|Any CPU.ActiveCfg = Release|Any CPU
		{3E9CCBFA-50E0-44E2-88A3-FBB1EBA1BB46}.Release|Any CPU.Build.0 = Release|Any CPU
		{6C2E4DEA-4CB5-4065-99B2-1EDF5B78B4D7}.Debug|Any CPU.ActiveCfg = Debug|Any CPU
		{6C2E4DEA-4CB5-4065-99B2-1EDF5B78B4D7}.Debug|Any CPU.Build.0 = Debug|Any CPU
		{6C2E4DEA-4CB5-4065-99B2-1EDF5B78B4D7}.Release|Any CPU.ActiveCfg = Release|Any CPU
		{6C2E4DEA-4CB5-4065-99B2-1EDF5B78B4D7}.Release|Any CPU.Build.0 = Release|Any CPU
	EndGlobalSection
	GlobalSection(SolutionProperties) = preSolution
		HideSolutionNode = FALSE
	EndGlobalSection
	GlobalSection(ExtensibilityGlobals) = postSolution
		SolutionGuid = {B47A6BD5-7D1C-4C47-ACAB-C1B70D4AE1A9}
	EndGlobalSection
EndGlobal
